# This file is automatically @generated by Poetry 1.5.5 and should not be changed by hand.

[[package]]
name = "bext"
version = "0.1.1"
description = "A cross-platform Python 2/3 module for colorful, boring, text-based terminal programs."
optional = false
python-versions = "*"
files = [
    {file = "Bext-0.1.1.tar.gz", hash = "sha256:591a237dab859211ad884d374b826205b846eb81d5bd058eb12c113cbc2ed9d6"},
]

[package.dependencies]
colorama = "<=0.4.5"

[[package]]
name = "colorama"
version = "0.4.5"
description = "Cross-platform colored terminal text."
optional = false
python-versions = ">=2.7, !=3.0.*, !=3.1.*, !=3.2.*, !=3.3.*, !=3.4.*"
files = [
    {file = "colorama-0.4.5-py2.py3-none-any.whl", hash = "sha256:854bf444933e37f5824ae7bfc1e98d5bce2ebe4160d46b5edf346a89358e99da"},
    {file = "colorama-0.4.5.tar.gz", hash = "sha256:e6c6b4334fc50988a639d9b98aa429a0b57da6e17b9a44f0451f930b6967b7a4"},
]

[metadata]
lock-version = "2.0"
python-versions = ">=3.10.0,<3.12"
content-hash = "5eb836e0dee769caf2aca49ab18eef14cdff496022cfbeb5f531ce233ba5e8e0"
