# This file is automatically @generated by Poetry 1.5.5 and should not be changed by hand.

[[package]]
name = "logo"
version = "1.0.0"
description = ""
optional = false
python-versions = "*"
files = [
    {file = "logo-1.0.0-py3-none-any.whl", hash = "sha256:77fdcc292c40a50bf74946a8fddb990c6f3a1437c91822786f48a46c06e779fc"},
]

[metadata]
lock-version = "2.0"
python-versions = ">=3.10.0,<3.12"
content-hash = "d85ffe25312fc786f198ffde0e07ad04d7461516e2d77dad11b26744728df21f"
